
Microsoft Visual Studio Solution File, Format Version 12.00
# Visual Studio Version 17
VisualStudioVersion = 17.1.32328.378
MinimumVisualStudioVersion = 10.0.40219.1
Project("{FAE04EC0-301F-11D3-BF4B-00C04F79EFBC}") = "Cards.API", "Cards.API\Cards.API.csproj", "{0BE13A81-0CC2-4A19-98F9-7EAEDE81497B}"
EndProject
Global
	GlobalSection(SolutionConfigurationPlatforms) = preSolution
		Debug|Any CPU = Debug|Any CPU
		Release|Any CPU = Release|Any CPU
	EndGlobalSection
	GlobalSection(ProjectConfigurationPlatforms) = postSolution
		{0BE13A81-0CC2-4A19-98F9-7EAEDE81497B}.Debug|Any CPU.ActiveCfg = Debug|Any CPU
		{0BE13A81-0CC2-4A19-98F9-7EAEDE81497B}.Debug|Any CPU.Build.0 = Debug|Any CPU
		{0BE13A81-0CC2-4A19-98F9-7EAEDE81497B}.Release|Any CPU.ActiveCfg = Release|Any CPU
		{0BE13A81-0CC2-4A19-98F9-7EAEDE81497B}.Release|Any CPU.Build.0 = Release|Any CPU
	EndGlobalSection
	GlobalSection(SolutionProperties) = preSolution
		HideSolutionNode = FALSE
	EndGlobalSection
	GlobalSection(ExtensibilityGlobals) = postSolution
		SolutionGuid = {91AF009C-DAAE-4133-9F18-937191F9AD7F}
	EndGlobalSection
EndGlobal
